{
  "name": "sample-stencil-project",
  "version": "0.0.2",
  "lockfileVersion": 2,
  "requires": true,
  "packages": {
    "": {
      "version": "0.0.2",
      "license": "MIT",
      "dependencies": {
        "@stencil/core": "^2.5.2",
        "@stencil/sass": "^1.4.1",
        "sample-stencil-project": "^0.0.2"
      }
    },
    "node_modules/@stencil/core": {
      "version": "2.5.2",
      "resolved": "https://registry.npmjs.org/@stencil/core/-/core-2.5.2.tgz",
      "integrity": "sha512-bgjPXkSzzg1WnTgVUm6m5ZzpKt602WmA/QljODAW1xVN40OHJdbGblzF/F6MFzqv2c5Cy30CB41arc8qADIdcQ==",
      "bin": {
        "stencil": "bin/stencil"
      },
      "engines": {
        "node": ">=12.10.0",
        "npm": ">=6.0.0"
      }
    },
    "node_modules/@stencil/sass": {
      "version": "1.4.1",
      "resolved": "https://registry.npmjs.org/@stencil/sass/-/sass-1.4.1.tgz",
      "integrity": "sha512-aFKoqtxZ/8BRbvNFiWRycGiqvMI22Ifn5qsKfq0U23j43XD81jT6d7K0WQd55ejNpoSpdxJcbOuFgQy3mXizfA==",
      "peerDependencies": {
        "@stencil/core": ">=1.0.2"
      }
    },
    "node_modules/sample-stencil-project": {
      "version": "0.0.2",
      "resolved": "https://registry.npmjs.org/sample-stencil-project/-/sample-stencil-project-0.0.2.tgz",
      "integrity": "sha512-uRvjItXRDdWG4AJTY3VaQIo02yVOSiWnixmNnUV58KHjizmx/IS+2sIzHWfQlcMYrLBlob6Z0ylf6VaanYRxzw==",
      "dependencies": {
        "@stencil/core": "^2.5.2",
        "@stencil/sass": "^1.4.1"
      }
    }
  },
  "dependencies": {
    "@stencil/core": {
      "version": "2.5.2",
      "resolved": "https://registry.npmjs.org/@stencil/core/-/core-2.5.2.tgz",
      "integrity": "sha512-bgjPXkSzzg1WnTgVUm6m5ZzpKt602WmA/QljODAW1xVN40OHJdbGblzF/F6MFzqv2c5Cy30CB41arc8qADIdcQ=="
    },
    "@stencil/sass": {
      "version": "1.4.1",
      "resolved": "https://registry.npmjs.org/@stencil/sass/-/sass-1.4.1.tgz",
      "integrity": "sha512-aFKoqtxZ/8BRbvNFiWRycGiqvMI22Ifn5qsKfq0U23j43XD81jT6d7K0WQd55ejNpoSpdxJcbOuFgQy3mXizfA==",
      "requires": {}
    },
    "sample-stencil-project": {
      "version": "0.0.2",
      "resolved": "https://registry.npmjs.org/sample-stencil-project/-/sample-stencil-project-0.0.2.tgz",
      "integrity": "sha512-uRvjItXRDdWG4AJTY3VaQIo02yVOSiWnixmNnUV58KHjizmx/IS+2sIzHWfQlcMYrLBlob6Z0ylf6VaanYRxzw==",
      "requires": {
        "@stencil/core": "^2.5.2",
        "@stencil/sass": "^1.4.1"
      }
    }
  }
}
